// !$*UTF8*$!
{
	archiveVersion = 1;
	classes = {
	};
	objectVersion = 46;
	objects = {

/* Begin PBXBuildFile section */
		830F21391DC8A5F800B058F7 /* Common.swift in Sources */ = {isa = PBXBuildFile; fileRef = 830F21381DC8A5F800B058F7 /* Common.swift */; };
		835C49D51DC694C400EBB2DF /* CabinSketch-Bold.otf in Resources */ = {isa = PBXBuildFile; fileRef = 835C49D21DC694C400EBB2DF /* CabinSketch-Bold.otf */; };
		835C49D61DC694C400EBB2DF /* CabinSketch-Regular.otf in Resources */ = {isa = PBXBuildFile; fileRef = 835C49D31DC694C400EBB2DF /* CabinSketch-Regular.otf */; };
		835C49D71DC694C400EBB2DF /* Chalet-ParisNineteenSixty.otf in Resources */ = {isa = PBXBuildFile; fileRef = 835C49D41DC694C400EBB2DF /* Chalet-ParisNineteenSixty.otf */; };
		835C49D91DC6993000EBB2DF /* Chalet-NewYorkNineteenSeventy.otf in Resources */ = {isa = PBXBuildFile; fileRef = 835C49D81DC6993000EBB2DF /* Chalet-NewYorkNineteenSeventy.otf */; };
		835C5E1D1DC66F650079790A /* MapKit.framework in Frameworks */ = {isa = PBXBuildFile; fileRef = 83A8BB941DC6390D003AA884 /* MapKit.framework */; };
		83A8BB5E1DC5807D003AA884 /* AppDelegate.swift in Sources */ = {isa = PBXBuildFile; fileRef = 83A8BB5D1DC5807D003AA884 /* AppDelegate.swift */; };
		83A8BB601DC5807D003AA884 /* ViewController.swift in Sources */ = {isa = PBXBuildFile; fileRef = 83A8BB5F1DC5807D003AA884 /* ViewController.swift */; };
		83A8BB631DC5807D003AA884 /* Main.storyboard in Resources */ = {isa = PBXBuildFile; fileRef = 83A8BB611DC5807D003AA884 /* Main.storyboard */; };
		83A8BB651DC5807D003AA884 /* Assets.xcassets in Resources */ = {isa = PBXBuildFile; fileRef = 83A8BB641DC5807D003AA884 /* Assets.xcassets */; };
		83A8BB681DC5807D003AA884 /* LaunchScreen.storyboard in Resources */ = {isa = PBXBuildFile; fileRef = 83A8BB661DC5807D003AA884 /* LaunchScreen.storyboard */; };
		83A8BB731DC5807D003AA884 /* TempTests.swift in Sources */ = {isa = PBXBuildFile; fileRef = 83A8BB721DC5807D003AA884 /* TempTests.swift */; };
		83A8BB7E1DC5807D003AA884 /* TempUITests.swift in Sources */ = {isa = PBXBuildFile; fileRef = 83A8BB7D1DC5807D003AA884 /* TempUITests.swift */; };
		83A8BB8C1DC58269003AA884 /* PrimaryViewController.swift in Sources */ = {isa = PBXBuildFile; fileRef = 83A8BB8B1DC58269003AA884 /* PrimaryViewController.swift */; };
		83A8BB911DC58A09003AA884 /* CabinSketch-Bold.ttf in Resources */ = {isa = PBXBuildFile; fileRef = 83A8BB8F1DC58A09003AA884 /* CabinSketch-Bold.ttf */; };
		83A8BB921DC58A09003AA884 /* CabinSketch-Regular.ttf in Resources */ = {isa = PBXBuildFile; fileRef = 83A8BB901DC58A09003AA884 /* CabinSketch-Regular.ttf */; };
		83A8BB971DC639D6003AA884 /* CoreLocation.framework in Frameworks */ = {isa = PBXBuildFile; fileRef = 83A8BB961DC639D6003AA884 /* CoreLocation.framework */; };
		A840D0631DC90DDB0094316C /* SelectATimeViewController.swift in Sources */ = {isa = PBXBuildFile; fileRef = A840D0621DC90DDB0094316C /* SelectATimeViewController.swift */; };
		A840D0651DC90E970094316C /* SelectALocationViewController.swift in Sources */ = {isa = PBXBuildFile; fileRef = A840D0641DC90E970094316C /* SelectALocationViewController.swift */; };
		A849BAB11DC90F5200AFB579 /* DailyDetailViewController.swift in Sources */ = {isa = PBXBuildFile; fileRef = A849BAB01DC90F5200AFB579 /* DailyDetailViewController.swift */; };
		A849BAB31DC90F9E00AFB579 /* SelectADateViewController.swift in Sources */ = {isa = PBXBuildFile; fileRef = A849BAB21DC90F9E00AFB579 /* SelectADateViewController.swift */; };
		EB33CCE19804D0CFB47C8E52 /* Pods_Temp.framework in Frameworks */ = {isa = PBXBuildFile; fileRef = E2030E29390EC2530EADF398 /* Pods_Temp.framework */; };
/* End PBXBuildFile section */

/* Begin PBXContainerItemProxy section */
		83A8BB6F1DC5807D003AA884 /* PBXContainerItemProxy */ = {
			isa = PBXContainerItemProxy;
			containerPortal = 83A8BB521DC5807D003AA884 /* Project object */;
			proxyType = 1;
			remoteGlobalIDString = 83A8BB591DC5807D003AA884;
			remoteInfo = Temp;
		};
		83A8BB7A1DC5807D003AA884 /* PBXContainerItemProxy */ = {
			isa = PBXContainerItemProxy;
			containerPortal = 83A8BB521DC5807D003AA884 /* Project object */;
			proxyType = 1;
			remoteGlobalIDString = 83A8BB591DC5807D003AA884;
			remoteInfo = Temp;
		};
/* End PBXContainerItemProxy section */

/* Begin PBXFileReference section */
		830F21381DC8A5F800B058F7 /* Common.swift */ = {isa = PBXFileReference; fileEncoding = 4; lastKnownFileType = sourcecode.swift; path = Common.swift; sourceTree = "<group>"; };
		835C49D21DC694C400EBB2DF /* CabinSketch-Bold.otf */ = {isa = PBXFileReference; lastKnownFileType = file; path = "CabinSketch-Bold.otf"; sourceTree = "<group>"; };
		835C49D31DC694C400EBB2DF /* CabinSketch-Regular.otf */ = {isa = PBXFileReference; lastKnownFileType = file; path = "CabinSketch-Regular.otf"; sourceTree = "<group>"; };
		835C49D41DC694C400EBB2DF /* Chalet-ParisNineteenSixty.otf */ = {isa = PBXFileReference; lastKnownFileType = file; path = "Chalet-ParisNineteenSixty.otf"; sourceTree = "<group>"; };
		835C49D81DC6993000EBB2DF /* Chalet-NewYorkNineteenSeventy.otf */ = {isa = PBXFileReference; lastKnownFileType = file; path = "Chalet-NewYorkNineteenSeventy.otf"; sourceTree = "<group>"; };
		83A8BB5A1DC5807D003AA884 /* Temp.app */ = {isa = PBXFileReference; explicitFileType = wrapper.application; includeInIndex = 0; path = Temp.app; sourceTree = BUILT_PRODUCTS_DIR; };
		83A8BB5D1DC5807D003AA884 /* AppDelegate.swift */ = {isa = PBXFileReference; lastKnownFileType = sourcecode.swift; path = AppDelegate.swift; sourceTree = "<group>"; };
		83A8BB5F1DC5807D003AA884 /* ViewController.swift */ = {isa = PBXFileReference; lastKnownFileType = sourcecode.swift; path = ViewController.swift; sourceTree = "<group>"; };
		83A8BB621DC5807D003AA884 /* Base */ = {isa = PBXFileReference; lastKnownFileType = file.storyboard; name = Base; path = Base.lproj/Main.storyboard; sourceTree = "<group>"; };
		83A8BB641DC5807D003AA884 /* Assets.xcassets */ = {isa = PBXFileReference; lastKnownFileType = folder.assetcatalog; path = Assets.xcassets; sourceTree = "<group>"; };
		83A8BB671DC5807D003AA884 /* Base */ = {isa = PBXFileReference; lastKnownFileType = file.storyboard; name = Base; path = Base.lproj/LaunchScreen.storyboard; sourceTree = "<group>"; };
		83A8BB691DC5807D003AA884 /* Info.plist */ = {isa = PBXFileReference; lastKnownFileType = text.plist.xml; path = Info.plist; sourceTree = "<group>"; };
		83A8BB6E1DC5807D003AA884 /* TempTests.xctest */ = {isa = PBXFileReference; explicitFileType = wrapper.cfbundle; includeInIndex = 0; path = TempTests.xctest; sourceTree = BUILT_PRODUCTS_DIR; };
		83A8BB721DC5807D003AA884 /* TempTests.swift */ = {isa = PBXFileReference; lastKnownFileType = sourcecode.swift; path = TempTests.swift; sourceTree = "<group>"; };
		83A8BB741DC5807D003AA884 /* Info.plist */ = {isa = PBXFileReference; lastKnownFileType = text.plist.xml; path = Info.plist; sourceTree = "<group>"; };
		83A8BB791DC5807D003AA884 /* TempUITests.xctest */ = {isa = PBXFileReference; explicitFileType = wrapper.cfbundle; includeInIndex = 0; path = TempUITests.xctest; sourceTree = BUILT_PRODUCTS_DIR; };
		83A8BB7D1DC5807D003AA884 /* TempUITests.swift */ = {isa = PBXFileReference; lastKnownFileType = sourcecode.swift; path = TempUITests.swift; sourceTree = "<group>"; };
		83A8BB7F1DC5807D003AA884 /* Info.plist */ = {isa = PBXFileReference; lastKnownFileType = text.plist.xml; path = Info.plist; sourceTree = "<group>"; };
		83A8BB8B1DC58269003AA884 /* PrimaryViewController.swift */ = {isa = PBXFileReference; fileEncoding = 4; lastKnownFileType = sourcecode.swift; name = PrimaryViewController.swift; path = "Temp/View Controllers/PrimaryViewController.swift"; sourceTree = "<group>"; };
		83A8BB8F1DC58A09003AA884 /* CabinSketch-Bold.ttf */ = {isa = PBXFileReference; lastKnownFileType = file; path = "CabinSketch-Bold.ttf"; sourceTree = "<group>"; };
		83A8BB901DC58A09003AA884 /* CabinSketch-Regular.ttf */ = {isa = PBXFileReference; lastKnownFileType = file; path = "CabinSketch-Regular.ttf"; sourceTree = "<group>"; };
		83A8BB941DC6390D003AA884 /* MapKit.framework */ = {isa = PBXFileReference; lastKnownFileType = wrapper.framework; name = MapKit.framework; path = System/Library/Frameworks/MapKit.framework; sourceTree = SDKROOT; };
		83A8BB961DC639D6003AA884 /* CoreLocation.framework */ = {isa = PBXFileReference; lastKnownFileType = wrapper.framework; name = CoreLocation.framework; path = System/Library/Frameworks/CoreLocation.framework; sourceTree = SDKROOT; };
		A5024A0956F95AD5CF71FFEF /* Pods-Temp.debug.xcconfig */ = {isa = PBXFileReference; includeInIndex = 1; lastKnownFileType = text.xcconfig; name = "Pods-Temp.debug.xcconfig"; path = "Pods/Target Support Files/Pods-Temp/Pods-Temp.debug.xcconfig"; sourceTree = "<group>"; };
		A77C64C173B35E27DB7D3C89 /* Pods-Temp.release.xcconfig */ = {isa = PBXFileReference; includeInIndex = 1; lastKnownFileType = text.xcconfig; name = "Pods-Temp.release.xcconfig"; path = "Pods/Target Support Files/Pods-Temp/Pods-Temp.release.xcconfig"; sourceTree = "<group>"; };
		A840D0621DC90DDB0094316C /* SelectATimeViewController.swift */ = {isa = PBXFileReference; fileEncoding = 4; lastKnownFileType = sourcecode.swift; name = SelectATimeViewController.swift; path = "Temp/View Controllers/SelectATimeViewController.swift"; sourceTree = "<group>"; };
		A840D0641DC90E970094316C /* SelectALocationViewController.swift */ = {isa = PBXFileReference; fileEncoding = 4; lastKnownFileType = sourcecode.swift; name = SelectALocationViewController.swift; path = "Temp/View Controllers/SelectALocationViewController.swift"; sourceTree = "<group>"; };
		A849BAB01DC90F5200AFB579 /* DailyDetailViewController.swift */ = {isa = PBXFileReference; fileEncoding = 4; lastKnownFileType = sourcecode.swift; name = DailyDetailViewController.swift; path = "Temp/View Controllers/DailyDetailViewController.swift"; sourceTree = "<group>"; };
		A849BAB21DC90F9E00AFB579 /* SelectADateViewController.swift */ = {isa = PBXFileReference; fileEncoding = 4; lastKnownFileType = sourcecode.swift; name = SelectADateViewController.swift; path = "Temp/View Controllers/SelectADateViewController.swift"; sourceTree = "<group>"; };
		E2030E29390EC2530EADF398 /* Pods_Temp.framework */ = {isa = PBXFileReference; explicitFileType = wrapper.framework; includeInIndex = 0; path = Pods_Temp.framework; sourceTree = BUILT_PRODUCTS_DIR; };
/* End PBXFileReference section */

/* Begin PBXFrameworksBuildPhase section */
		83A8BB571DC5807D003AA884 /* Frameworks */ = {
			isa = PBXFrameworksBuildPhase;
			buildActionMask = 2147483647;
			files = (
				83A8BB971DC639D6003AA884 /* CoreLocation.framework in Frameworks */,
				835C5E1D1DC66F650079790A /* MapKit.framework in Frameworks */,
				EB33CCE19804D0CFB47C8E52 /* Pods_Temp.framework in Frameworks */,
			);
			runOnlyForDeploymentPostprocessing = 0;
		};
		83A8BB6B1DC5807D003AA884 /* Frameworks */ = {
			isa = PBXFrameworksBuildPhase;
			buildActionMask = 2147483647;
			files = (
			);
			runOnlyForDeploymentPostprocessing = 0;
		};
		83A8BB761DC5807D003AA884 /* Frameworks */ = {
			isa = PBXFrameworksBuildPhase;
			buildActionMask = 2147483647;
			files = (
			);
			runOnlyForDeploymentPostprocessing = 0;
		};
/* End PBXFrameworksBuildPhase section */

/* Begin PBXGroup section */
		5D5CB62132D46603F45905BA /* Pods */ = {
			isa = PBXGroup;
			children = (
				A5024A0956F95AD5CF71FFEF /* Pods-Temp.debug.xcconfig */,
				A77C64C173B35E27DB7D3C89 /* Pods-Temp.release.xcconfig */,
			);
			name = Pods;
			sourceTree = "<group>";
		};
		83A8BB511DC5807D003AA884 = {
			isa = PBXGroup;
			children = (
				83A8BB5C1DC5807D003AA884 /* Temp */,
				83A8BB711DC5807D003AA884 /* TempTests */,
				83A8BB7C1DC5807D003AA884 /* TempUITests */,
				83A8BB5B1DC5807D003AA884 /* Products */,
				83A8BB931DC6390D003AA884 /* Frameworks */,
				5D5CB62132D46603F45905BA /* Pods */,
			);
			sourceTree = "<group>";
		};
		83A8BB5B1DC5807D003AA884 /* Products */ = {
			isa = PBXGroup;
			children = (
				83A8BB5A1DC5807D003AA884 /* Temp.app */,
				83A8BB6E1DC5807D003AA884 /* TempTests.xctest */,
				83A8BB791DC5807D003AA884 /* TempUITests.xctest */,
			);
			name = Products;
			sourceTree = "<group>";
		};
		83A8BB5C1DC5807D003AA884 /* Temp */ = {
			isa = PBXGroup;
			children = (
				83A8BB8E1DC58880003AA884 /* Supporting Files */,
				83A8BB8D1DC58274003AA884 /* View Controllers */,
				83A8BB5D1DC5807D003AA884 /* AppDelegate.swift */,
				830F21381DC8A5F800B058F7 /* Common.swift */,
				83A8BB5F1DC5807D003AA884 /* ViewController.swift */,
				83A8BB611DC5807D003AA884 /* Main.storyboard */,
				83A8BB641DC5807D003AA884 /* Assets.xcassets */,
				83A8BB661DC5807D003AA884 /* LaunchScreen.storyboard */,
				83A8BB691DC5807D003AA884 /* Info.plist */,
			);
			path = Temp;
			sourceTree = "<group>";
		};
		83A8BB711DC5807D003AA884 /* TempTests */ = {
			isa = PBXGroup;
			children = (
				83A8BB721DC5807D003AA884 /* TempTests.swift */,
				83A8BB741DC5807D003AA884 /* Info.plist */,
			);
			path = TempTests;
			sourceTree = "<group>";
		};
		83A8BB7C1DC5807D003AA884 /* TempUITests */ = {
			isa = PBXGroup;
			children = (
				83A8BB7D1DC5807D003AA884 /* TempUITests.swift */,
				83A8BB7F1DC5807D003AA884 /* Info.plist */,
			);
			path = TempUITests;
			sourceTree = "<group>";
		};
		83A8BB8D1DC58274003AA884 /* View Controllers */ = {
			isa = PBXGroup;
			children = (
				A849BAB21DC90F9E00AFB579 /* SelectADateViewController.swift */,
				A849BAB01DC90F5200AFB579 /* DailyDetailViewController.swift */,
				A840D0641DC90E970094316C /* SelectALocationViewController.swift */,
				A840D0621DC90DDB0094316C /* SelectATimeViewController.swift */,
				83A8BB8B1DC58269003AA884 /* PrimaryViewController.swift */,
			);
			name = "View Controllers";
			path = ..;
			sourceTree = "<group>";
		};
		83A8BB8E1DC58880003AA884 /* Supporting Files */ = {
			isa = PBXGroup;
			children = (
				835C49D21DC694C400EBB2DF /* CabinSketch-Bold.otf */,
				835C49D81DC6993000EBB2DF /* Chalet-NewYorkNineteenSeventy.otf */,
				835C49D31DC694C400EBB2DF /* CabinSketch-Regular.otf */,
				835C49D41DC694C400EBB2DF /* Chalet-ParisNineteenSixty.otf */,
				83A8BB8F1DC58A09003AA884 /* CabinSketch-Bold.ttf */,
				83A8BB901DC58A09003AA884 /* CabinSketch-Regular.ttf */,
			);
			name = "Supporting Files";
			sourceTree = "<group>";
		};
		83A8BB931DC6390D003AA884 /* Frameworks */ = {
			isa = PBXGroup;
			children = (
				83A8BB961DC639D6003AA884 /* CoreLocation.framework */,
				83A8BB941DC6390D003AA884 /* MapKit.framework */,
				E2030E29390EC2530EADF398 /* Pods_Temp.framework */,
			);
			name = Frameworks;
			sourceTree = "<group>";
		};
/* End PBXGroup section */

/* Begin PBXNativeTarget section */
		83A8BB591DC5807D003AA884 /* Temp */ = {
			isa = PBXNativeTarget;
			buildConfigurationList = 83A8BB821DC5807D003AA884 /* Build configuration list for PBXNativeTarget "Temp" */;
			buildPhases = (
				7AD0AF2B040611DE7B5B4951 /* [CP] Check Pods Manifest.lock */,
				83A8BB561DC5807D003AA884 /* Sources */,
				83A8BB571DC5807D003AA884 /* Frameworks */,
				83A8BB581DC5807D003AA884 /* Resources */,
				C556E0EA8E3337D44790CD8A /* [CP] Embed Pods Frameworks */,
				0CDF71ED3A779B9935A01E7E /* [CP] Copy Pods Resources */,
			);
			buildRules = (
			);
			dependencies = (
			);
			name = Temp;
			productName = Temp;
			productReference = 83A8BB5A1DC5807D003AA884 /* Temp.app */;
			productType = "com.apple.product-type.application";
		};
		83A8BB6D1DC5807D003AA884 /* TempTests */ = {
			isa = PBXNativeTarget;
			buildConfigurationList = 83A8BB851DC5807D003AA884 /* Build configuration list for PBXNativeTarget "TempTests" */;
			buildPhases = (
				83A8BB6A1DC5807D003AA884 /* Sources */,
				83A8BB6B1DC5807D003AA884 /* Frameworks */,
				83A8BB6C1DC5807D003AA884 /* Resources */,
			);
			buildRules = (
			);
			dependencies = (
				83A8BB701DC5807D003AA884 /* PBXTargetDependency */,
			);
			name = TempTests;
			productName = TempTests;
			productReference = 83A8BB6E1DC5807D003AA884 /* TempTests.xctest */;
			productType = "com.apple.product-type.bundle.unit-test";
		};
		83A8BB781DC5807D003AA884 /* TempUITests */ = {
			isa = PBXNativeTarget;
			buildConfigurationList = 83A8BB881DC5807D003AA884 /* Build configuration list for PBXNativeTarget "TempUITests" */;
			buildPhases = (
				83A8BB751DC5807D003AA884 /* Sources */,
				83A8BB761DC5807D003AA884 /* Frameworks */,
				83A8BB771DC5807D003AA884 /* Resources */,
			);
			buildRules = (
			);
			dependencies = (
				83A8BB7B1DC5807D003AA884 /* PBXTargetDependency */,
			);
			name = TempUITests;
			productName = TempUITests;
			productReference = 83A8BB791DC5807D003AA884 /* TempUITests.xctest */;
			productType = "com.apple.product-type.bundle.ui-testing";
		};
/* End PBXNativeTarget section */

/* Begin PBXProject section */
		83A8BB521DC5807D003AA884 /* Project object */ = {
			isa = PBXProject;
			attributes = {
				LastSwiftUpdateCheck = 0800;
				LastUpgradeCheck = 0810;
				ORGANIZATIONNAME = "Christopher Ryan";
				TargetAttributes = {
					83A8BB591DC5807D003AA884 = {
						CreatedOnToolsVersion = 8.0;
						DevelopmentTeam = 7H4UKKHAVX;
						ProvisioningStyle = Automatic;
						SystemCapabilities = {
							com.apple.Maps.iOS = {
								enabled = 1;
							};
						};
					};
					83A8BB6D1DC5807D003AA884 = {
						CreatedOnToolsVersion = 8.0;
						DevelopmentTeam = 7H4UKKHAVX;
						ProvisioningStyle = Automatic;
						TestTargetID = 83A8BB591DC5807D003AA884;
					};
					83A8BB781DC5807D003AA884 = {
						CreatedOnToolsVersion = 8.0;
						DevelopmentTeam = 7H4UKKHAVX;
						ProvisioningStyle = Automatic;
						TestTargetID = 83A8BB591DC5807D003AA884;
					};
				};
			};
			buildConfigurationList = 83A8BB551DC5807D003AA884 /* Build configuration list for PBXProject "Temp" */;
			compatibilityVersion = "Xcode 3.2";
			developmentRegion = English;
			hasScannedForEncodings = 0;
			knownRegions = (
				en,
				Base,
			);
			mainGroup = 83A8BB511DC5807D003AA884;
			productRefGroup = 83A8BB5B1DC5807D003AA884 /* Products */;
			projectDirPath = "";
			projectRoot = "";
			targets = (
				83A8BB591DC5807D003AA884 /* Temp */,
				83A8BB6D1DC5807D003AA884 /* TempTests */,
				83A8BB781DC5807D003AA884 /* TempUITests */,
			);
		};
/* End PBXProject section */

/* Begin PBXResourcesBuildPhase section */
		83A8BB581DC5807D003AA884 /* Resources */ = {
			isa = PBXResourcesBuildPhase;
			buildActionMask = 2147483647;
			files = (
				835C49D71DC694C400EBB2DF /* Chalet-ParisNineteenSixty.otf in Resources */,
				83A8BB681DC5807D003AA884 /* LaunchScreen.storyboard in Resources */,
				83A8BB911DC58A09003AA884 /* CabinSketch-Bold.ttf in Resources */,
				83A8BB921DC58A09003AA884 /* CabinSketch-Regular.ttf in Resources */,
				83A8BB651DC5807D003AA884 /* Assets.xcassets in Resources */,
				835C49D51DC694C400EBB2DF /* CabinSketch-Bold.otf in Resources */,
				83A8BB631DC5807D003AA884 /* Main.storyboard in Resources */,
				835C49D61DC694C400EBB2DF /* CabinSketch-Regular.otf in Resources */,
				835C49D91DC6993000EBB2DF /* Chalet-NewYorkNineteenSeventy.otf in Resources */,
			);
			runOnlyForDeploymentPostprocessing = 0;
		};
		83A8BB6C1DC5807D003AA884 /* Resources */ = {
			isa = PBXResourcesBuildPhase;
			buildActionMask = 2147483647;
			files = (
			);
			runOnlyForDeploymentPostprocessing = 0;
		};
		83A8BB771DC5807D003AA884 /* Resources */ = {
			isa = PBXResourcesBuildPhase;
			buildActionMask = 2147483647;
			files = (
			);
			runOnlyForDeploymentPostprocessing = 0;
		};
/* End PBXResourcesBuildPhase section */

/* Begin PBXShellScriptBuildPhase section */
		0CDF71ED3A779B9935A01E7E /* [CP] Copy Pods Resources */ = {
			isa = PBXShellScriptBuildPhase;
			buildActionMask = 2147483647;
			files = (
			);
			inputPaths = (
			);
			name = "[CP] Copy Pods Resources";
			outputPaths = (
			);
			runOnlyForDeploymentPostprocessing = 0;
			shellPath = /bin/sh;
			shellScript = "\"${SRCROOT}/Pods/Target Support Files/Pods-Temp/Pods-Temp-resources.sh\"\n";
			showEnvVarsInLog = 0;
		};
		7AD0AF2B040611DE7B5B4951 /* [CP] Check Pods Manifest.lock */ = {
			isa = PBXShellScriptBuildPhase;
			buildActionMask = 2147483647;
			files = (
			);
			inputPaths = (
			);
			name = "[CP] Check Pods Manifest.lock";
			outputPaths = (
			);
			runOnlyForDeploymentPostprocessing = 0;
			shellPath = /bin/sh;
			shellScript = "diff \"${PODS_ROOT}/../Podfile.lock\" \"${PODS_ROOT}/Manifest.lock\" > /dev/null\nif [ $? != 0 ] ; then\n    # print error to STDERR\n    echo \"error: The sandbox is not in sync with the Podfile.lock. Run 'pod install' or update your CocoaPods installation.\" >&2\n    exit 1\nfi\n";
			showEnvVarsInLog = 0;
		};
		C556E0EA8E3337D44790CD8A /* [CP] Embed Pods Frameworks */ = {
			isa = PBXShellScriptBuildPhase;
			buildActionMask = 2147483647;
			files = (
			);
			inputPaths = (
			);
			name = "[CP] Embed Pods Frameworks";
			outputPaths = (
			);
			runOnlyForDeploymentPostprocessing = 0;
			shellPath = /bin/sh;
			shellScript = "\"${SRCROOT}/Pods/Target Support Files/Pods-Temp/Pods-Temp-frameworks.sh\"\n";
			showEnvVarsInLog = 0;
		};
/* End PBXShellScriptBuildPhase section */

/* Begin PBXSourcesBuildPhase section */
		83A8BB561DC5807D003AA884 /* Sources */ = {
			isa = PBXSourcesBuildPhase;
			buildActionMask = 2147483647;
			files = (
				A849BAB31DC90F9E00AFB579 /* SelectADateViewController.swift in Sources */,
				A849BAB11DC90F5200AFB579 /* DailyDetailViewController.swift in Sources */,
				830F21391DC8A5F800B058F7 /* Common.swift in Sources */,
				A840D0651DC90E970094316C /* SelectALocationViewController.swift in Sources */,
				83A8BB601DC5807D003AA884 /* ViewController.swift in Sources */,
				A840D0631DC90DDB0094316C /* SelectATimeViewController.swift in Sources */,
				83A8BB8C1DC58269003AA884 /* PrimaryViewController.swift in Sources */,
				83A8BB5E1DC5807D003AA884 /* AppDelegate.swift in Sources */,
			);
			runOnlyForDeploymentPostprocessing = 0;
		};
		83A8BB6A1DC5807D003AA884 /* Sources */ = {
			isa = PBXSourcesBuildPhase;
			buildActionMask = 2147483647;
			files = (
				83A8BB731DC5807D003AA884 /* TempTests.swift in Sources */,
			);
			runOnlyForDeploymentPostprocessing = 0;
		};
		83A8BB751DC5807D003AA884 /* Sources */ = {
			isa = PBXSourcesBuildPhase;
			buildActionMask = 2147483647;
			files = (
				83A8BB7E1DC5807D003AA884 /* TempUITests.swift in Sources */,
			);
			runOnlyForDeploymentPostprocessing = 0;
		};
/* End PBXSourcesBuildPhase section */

/* Begin PBXTargetDependency section */
		83A8BB701DC5807D003AA884 /* PBXTargetDependency */ = {
			isa = PBXTargetDependency;
			target = 83A8BB591DC5807D003AA884 /* Temp */;
			targetProxy = 83A8BB6F1DC5807D003AA884 /* PBXContainerItemProxy */;
		};
		83A8BB7B1DC5807D003AA884 /* PBXTargetDependency */ = {
			isa = PBXTargetDependency;
			target = 83A8BB591DC5807D003AA884 /* Temp */;
			targetProxy = 83A8BB7A1DC5807D003AA884 /* PBXContainerItemProxy */;
		};
/* End PBXTargetDependency section */

/* Begin PBXVariantGroup section */
		83A8BB611DC5807D003AA884 /* Main.storyboard */ = {
			isa = PBXVariantGroup;
			children = (
				83A8BB621DC5807D003AA884 /* Base */,
			);
			name = Main.storyboard;
			sourceTree = "<group>";
		};
		83A8BB661DC5807D003AA884 /* LaunchScreen.storyboard */ = {
			isa = PBXVariantGroup;
			children = (
				83A8BB671DC5807D003AA884 /* Base */,
			);
			name = LaunchScreen.storyboard;
			sourceTree = "<group>";
		};
/* End PBXVariantGroup section */

/* Begin XCBuildConfiguration section */
		83A8BB801DC5807D003AA884 /* Debug */ = {
			isa = XCBuildConfiguration;
			buildSettings = {
				ALWAYS_SEARCH_USER_PATHS = NO;
				CLANG_ANALYZER_NONNULL = YES;
				CLANG_CXX_LANGUAGE_STANDARD = "gnu++0x";
				CLANG_CXX_LIBRARY = "libc++";
				CLANG_ENABLE_MODULES = YES;
				CLANG_ENABLE_OBJC_ARC = YES;
				CLANG_WARN_BOOL_CONVERSION = YES;
				CLANG_WARN_CONSTANT_CONVERSION = YES;
				CLANG_WARN_DIRECT_OBJC_ISA_USAGE = YES_ERROR;
				CLANG_WARN_DOCUMENTATION_COMMENTS = YES;
				CLANG_WARN_EMPTY_BODY = YES;
				CLANG_WARN_ENUM_CONVERSION = YES;
				CLANG_WARN_INFINITE_RECURSION = YES;
				CLANG_WARN_INT_CONVERSION = YES;
				CLANG_WARN_OBJC_ROOT_CLASS = YES_ERROR;
				CLANG_WARN_SUSPICIOUS_MOVE = YES;
				CLANG_WARN_SUSPICIOUS_MOVES = YES;
				CLANG_WARN_UNREACHABLE_CODE = YES;
				CLANG_WARN__DUPLICATE_METHOD_MATCH = YES;
				"CODE_SIGN_IDENTITY[sdk=iphoneos*]" = "iPhone Developer";
				COPY_PHASE_STRIP = NO;
				DEBUG_INFORMATION_FORMAT = dwarf;
				ENABLE_STRICT_OBJC_MSGSEND = YES;
				ENABLE_TESTABILITY = YES;
				GCC_C_LANGUAGE_STANDARD = gnu99;
				GCC_DYNAMIC_NO_PIC = NO;
				GCC_NO_COMMON_BLOCKS = YES;
				GCC_OPTIMIZATION_LEVEL = 0;
				GCC_PREPROCESSOR_DEFINITIONS = (
					"DEBUG=1",
					"$(inherited)",
				);
				GCC_WARN_64_TO_32_BIT_CONVERSION = YES;
				GCC_WARN_ABOUT_RETURN_TYPE = YES_ERROR;
				GCC_WARN_UNDECLARED_SELECTOR = YES;
				GCC_WARN_UNINITIALIZED_AUTOS = YES_AGGRESSIVE;
				GCC_WARN_UNUSED_FUNCTION = YES;
				GCC_WARN_UNUSED_VARIABLE = YES;
				IPHONEOS_DEPLOYMENT_TARGET = 10.0;
				MTL_ENABLE_DEBUG_INFO = YES;
				ONLY_ACTIVE_ARCH = YES;
				SDKROOT = iphoneos;
				SWIFT_ACTIVE_COMPILATION_CONDITIONS = DEBUG;
				SWIFT_OPTIMIZATION_LEVEL = "-Onone";
			};
			name = Debug;
		};
		83A8BB811DC5807D003AA884 /* Release */ = {
			isa = XCBuildConfiguration;
			buildSettings = {
				ALWAYS_SEARCH_USER_PATHS = NO;
				CLANG_ANALYZER_NONNULL = YES;
				CLANG_CXX_LANGUAGE_STANDARD = "gnu++0x";
				CLANG_CXX_LIBRARY = "libc++";
				CLANG_ENABLE_MODULES = YES;
				CLANG_ENABLE_OBJC_ARC = YES;
				CLANG_WARN_BOOL_CONVERSION = YES;
				CLANG_WARN_CONSTANT_CONVERSION = YES;
				CLANG_WARN_DIRECT_OBJC_ISA_USAGE = YES_ERROR;
				CLANG_WARN_DOCUMENTATION_COMMENTS = YES;
				CLANG_WARN_EMPTY_BODY = YES;
				CLANG_WARN_ENUM_CONVERSION = YES;
				CLANG_WARN_INFINITE_RECURSION = YES;
				CLANG_WARN_INT_CONVERSION = YES;
				CLANG_WARN_OBJC_ROOT_CLASS = YES_ERROR;
				CLANG_WARN_SUSPICIOUS_MOVE = YES;
				CLANG_WARN_SUSPICIOUS_MOVES = YES;
				CLANG_WARN_UNREACHABLE_CODE = YES;
				CLANG_WARN__DUPLICATE_METHOD_MATCH = YES;
				"CODE_SIGN_IDENTITY[sdk=iphoneos*]" = "iPhone Developer";
				COPY_PHASE_STRIP = NO;
				DEBUG_INFORMATION_FORMAT = "dwarf-with-dsym";
				ENABLE_NS_ASSERTIONS = NO;
				ENABLE_STRICT_OBJC_MSGSEND = YES;
				GCC_C_LANGUAGE_STANDARD = gnu99;
				GCC_NO_COMMON_BLOCKS = YES;
				GCC_WARN_64_TO_32_BIT_CONVERSION = YES;
				GCC_WARN_ABOUT_RETURN_TYPE = YES_ERROR;
				GCC_WARN_UNDECLARED_SELECTOR = YES;
				GCC_WARN_UNINITIALIZED_AUTOS = YES_AGGRESSIVE;
				GCC_WARN_UNUSED_FUNCTION = YES;
				GCC_WARN_UNUSED_VARIABLE = YES;
				IPHONEOS_DEPLOYMENT_TARGET = 10.0;
				MTL_ENABLE_DEBUG_INFO = NO;
				SDKROOT = iphoneos;
				SWIFT_OPTIMIZATION_LEVEL = "-Owholemodule";
				VALIDATE_PRODUCT = YES;
			};
			name = Release;
		};
		83A8BB831DC5807D003AA884 /* Debug */ = {
			isa = XCBuildConfiguration;
			baseConfigurationReference = A5024A0956F95AD5CF71FFEF /* Pods-Temp.debug.xcconfig */;
			buildSettings = {
				ASSETCATALOG_COMPILER_APPICON_NAME = AppIcon;
				DEVELOPMENT_TEAM = 7H4UKKHAVX;
				INFOPLIST_FILE = Temp/Info.plist;
				LD_RUNPATH_SEARCH_PATHS = "$(inherited) @executable_path/Frameworks";
				PRODUCT_BUNDLE_IDENTIFIER = tapthings.Temp;
				PRODUCT_NAME = "$(TARGET_NAME)";
				SWIFT_VERSION = 3.0;
			};
			name = Debug;
		};
		83A8BB841DC5807D003AA884 /* Release */ = {
			isa = XCBuildConfiguration;
			baseConfigurationReference = A77C64C173B35E27DB7D3C89 /* Pods-Temp.release.xcconfig */;
			buildSettings = {
				ASSETCATALOG_COMPILER_APPICON_NAME = AppIcon;
				DEVELOPMENT_TEAM = 7H4UKKHAVX;
				INFOPLIST_FILE = Temp/Info.plist;
				LD_RUNPATH_SEARCH_PATHS = "$(inherited) @executable_path/Frameworks";
				PRODUCT_BUNDLE_IDENTIFIER = tapthings.Temp;
				PRODUCT_NAME = "$(TARGET_NAME)";
				SWIFT_VERSION = 3.0;
			};
			name = Release;
		};
		83A8BB861DC5807D003AA884 /* Debug */ = {
			isa = XCBuildConfiguration;
			buildSettings = {
				ALWAYS_EMBED_SWIFT_STANDARD_LIBRARIES = YES;
				BUNDLE_LOADER = "$(TEST_HOST)";
				DEVELOPMENT_TEAM = 7H4UKKHAVX;
				INFOPLIST_FILE = TempTests/Info.plist;
				LD_RUNPATH_SEARCH_PATHS = "$(inherited) @executable_path/Frameworks @loader_path/Frameworks";
				PRODUCT_BUNDLE_IDENTIFIER = tapthings.TempTests;
				PRODUCT_NAME = "$(TARGET_NAME)";
				SWIFT_VERSION = 3.0;
				TEST_HOST = "$(BUILT_PRODUCTS_DIR)/Temp.app/Temp";
			};
			name = Debug;
		};
		83A8BB871DC5807D003AA884 /* Release */ = {
			isa = XCBuildConfiguration;
			buildSettings = {
				ALWAYS_EMBED_SWIFT_STANDARD_LIBRARIES = YES;
				BUNDLE_LOADER = "$(TEST_HOST)";
				DEVELOPMENT_TEAM = 7H4UKKHAVX;
				INFOPLIST_FILE = TempTests/Info.plist;
				LD_RUNPATH_SEARCH_PATHS = "$(inherited) @executable_path/Frameworks @loader_path/Frameworks";
				PRODUCT_BUNDLE_IDENTIFIER = tapthings.TempTests;
				PRODUCT_NAME = "$(TARGET_NAME)";
				SWIFT_VERSION = 3.0;
				TEST_HOST = "$(BUILT_PRODUCTS_DIR)/Temp.app/Temp";
			};
			name = Release;
		};
		83A8BB891DC5807D003AA884 /* Debug */ = {
			isa = XCBuildConfiguration;
			buildSettings = {
				ALWAYS_EMBED_SWIFT_STANDARD_LIBRARIES = YES;
				DEVELOPMENT_TEAM = 7H4UKKHAVX;
				INFOPLIST_FILE = TempUITests/Info.plist;
				LD_RUNPATH_SEARCH_PATHS = "$(inherited) @executable_path/Frameworks @loader_path/Frameworks";
				PRODUCT_BUNDLE_IDENTIFIER = tapthings.TempUITests;
				PRODUCT_NAME = "$(TARGET_NAME)";
				SWIFT_VERSION = 3.0;
				TEST_TARGET_NAME = Temp;
			};
			name = Debug;
		};
		83A8BB8A1DC5807D003AA884 /* Release */ = {
			isa = XCBuildConfiguration;
			buildSettings = {
				ALWAYS_EMBED_SWIFT_STANDARD_LIBRARIES = YES;
				DEVELOPMENT_TEAM = 7H4UKKHAVX;
				INFOPLIST_FILE = TempUITests/Info.plist;
				LD_RUNPATH_SEARCH_PATHS = "$(inherited) @executable_path/Frameworks @loader_path/Frameworks";
				PRODUCT_BUNDLE_IDENTIFIER = tapthings.TempUITests;
				PRODUCT_NAME = "$(TARGET_NAME)";
				SWIFT_VERSION = 3.0;
				TEST_TARGET_NAME = Temp;
			};
			name = Release;
		};
/* End XCBuildConfiguration section */

/* Begin XCConfigurationList section */
		83A8BB551DC5807D003AA884 /* Build configuration list for PBXProject "Temp" */ = {
			isa = XCConfigurationList;
			buildConfigurations = (
				83A8BB801DC5807D003AA884 /* Debug */,
				83A8BB811DC5807D003AA884 /* Release */,
			);
			defaultConfigurationIsVisible = 0;
			defaultConfigurationName = Release;
		};
		83A8BB821DC5807D003AA884 /* Build configuration list for PBXNativeTarget "Temp" */ = {
			isa = XCConfigurationList;
			buildConfigurations = (
				83A8BB831DC5807D003AA884 /* Debug */,
				83A8BB841DC5807D003AA884 /* Release */,
			);
			defaultConfigurationIsVisible = 0;
			defaultConfigurationName = Release;
		};
		83A8BB851DC5807D003AA884 /* Build configuration list for PBXNativeTarget "TempTests" */ = {
			isa = XCConfigurationList;
			buildConfigurations = (
				83A8BB861DC5807D003AA884 /* Debug */,
				83A8BB871DC5807D003AA884 /* Release */,
			);
			defaultConfigurationIsVisible = 0;
			defaultConfigurationName = Release;
		};
		83A8BB881DC5807D003AA884 /* Build configuration list for PBXNativeTarget "TempUITests" */ = {
			isa = XCConfigurationList;
			buildConfigurations = (
				83A8BB891DC5807D003AA884 /* Debug */,
				83A8BB8A1DC5807D003AA884 /* Release */,
			);
			defaultConfigurationIsVisible = 0;
			defaultConfigurationName = Release;
		};
/* End XCConfigurationList section */
	};
	rootObject = 83A8BB521DC5807D003AA884 /* Project object */;
}
